{
  "name": "orkestra-wp",
  "lockfileVersion": 2,
  "requires": true,
  "packages": {
    "": {
      "name": "orkestra-wp",
      "devDependencies": {
        "@luc-cpl/wp-setup": "^1.1.4"
      }
    },
    "node_modules/@luc-cpl/wp-setup": {
      "version": "1.1.4",
      "resolved": "https://registry.npmjs.org/@luc-cpl/wp-setup/-/wp-setup-1.1.4.tgz",
      "integrity": "sha512-GejcFMS/JBleaZf86/3ObVRtLw8+Cd5wzHZ3Cl5Ifxku7LIYdKANhqDMAuBo+sqNtb40h1Cp8iWoCJtFl7NiYA==",
      "dev": true,
      "dependencies": {
        "adm-zip": "^0.5.12",
        "commander": "^12.0.0",
        "edge.js": "^6.0.2"
      },
      "bin": {
        "wp-setup": "dist/index.js"
      },
      "engines": {
        "node": ">=16.0.0"
      }
    },
    "node_modules/@lukeed/ms": {
      "version": "2.0.2",
      "resolved": "https://registry.npmjs.org/@lukeed/ms/-/ms-2.0.2.tgz",
      "integrity": "sha512-9I2Zn6+NJLfaGoz9jN3lpwDgAYvfGeNYdbAIjJOqzs4Tpc+VU3Jqq4IofSUBKajiDS8k9fZIg18/z13mpk1bsA==",
      "dev": true,
      "engines": {
        "node": ">=8"
      }
    },
    "node_modules/@poppinss/inspect": {
      "version": "1.0.1",
      "resolved": "https://registry.npmjs.org/@poppinss/inspect/-/inspect-1.0.1.tgz",
      "integrity": "sha512-kLeEaBSGhlleyYvKc7c9s3uE6xv7cwyulE0EgHf4jU/CL96h0yC4mkdw1wvC1l1PYYQozCGy46FwMBAAMOobCA==",
      "dev": true,
      "funding": {
        "url": "https://github.com/sponsors/ljharb"
      }
    },
    "node_modules/@poppinss/macroable": {
      "version": "1.0.2",
      "resolved": "https://registry.npmjs.org/@poppinss/macroable/-/macroable-1.0.2.tgz",
      "integrity": "sha512-xhhEcEvhQC8mP5oOr5hbE4CmUgmw/IPV1jhpGg2xSkzoFrt9i8YVqBQt9744EFesi5F7pBheWozg63RUBM/5JA==",
      "dev": true,
      "engines": {
        "node": ">=18.16.0"
      }
    },
    "node_modules/@poppinss/utils": {
      "version": "6.7.3",
      "resolved": "https://registry.npmjs.org/@poppinss/utils/-/utils-6.7.3.tgz",
      "integrity": "sha512-zQnhVG4Q+n6+V1vrL/TF1Oy8ZcVVGUs49Sj5OBgoari/q42UiG/rht1DRvoeWd9bT1BBDwxO2vcfxj6C0u/Dgg==",
      "dev": true,
      "dependencies": {
        "@lukeed/ms": "^2.0.2",
        "@types/bytes": "^3.1.4",
        "@types/pluralize": "^0.0.33",
        "bytes": "^3.1.2",
        "case-anything": "^2.1.13",
        "flattie": "^1.1.1",
        "pluralize": "^8.0.0",
        "safe-stable-stringify": "^2.4.3",
        "secure-json-parse": "^2.7.0",
        "slash": "^5.1.0",
        "slugify": "^1.6.6",
        "truncatise": "^0.0.8"
      },
      "engines": {
        "node": ">=18.16.0"
      }
    },
    "node_modules/@types/bytes": {
      "version": "3.1.4",
      "resolved": "https://registry.npmjs.org/@types/bytes/-/bytes-3.1.4.tgz",
      "integrity": "sha512-A0uYgOj3zNc4hNjHc5lYUfJQ/HVyBXiUMKdXd7ysclaE6k9oJdavQzODHuwjpUu2/boCP8afjQYi8z/GtvNCWA==",
      "dev": true
    },
    "node_modules/@types/pluralize": {
      "version": "0.0.33",
      "resolved": "https://registry.npmjs.org/@types/pluralize/-/pluralize-0.0.33.tgz",
      "integrity": "sha512-JOqsl+ZoCpP4e8TDke9W79FDcSgPAR0l6pixx2JHkhnRjvShyYiAYw2LVsnA7K08Y6DeOnaU6ujmENO4os/cYg==",
      "dev": true
    },
    "node_modules/acorn": {
      "version": "8.11.3",
      "resolved": "https://registry.npmjs.org/acorn/-/acorn-8.11.3.tgz",
      "integrity": "sha512-Y9rRfJG5jcKOE0CLisYbojUjIrIEE7AGMzA/Sm4BslANhbS+cDMpgBdcPT91oJ7OuJ9hYJBx59RjbhxVnrF8Xg==",
      "dev": true,
      "bin": {
        "acorn": "bin/acorn"
      },
      "engines": {
        "node": ">=0.4.0"
      }
    },
    "node_modules/adm-zip": {
      "version": "0.5.12",
      "resolved": "https://registry.npmjs.org/adm-zip/-/adm-zip-0.5.12.tgz",
      "integrity": "sha512-6TVU49mK6KZb4qG6xWaaM4C7sA/sgUMLy/JYMOzkcp3BvVLpW0fXDFQiIzAuxFCt/2+xD7fNIiPFAoLZPhVNLQ==",
      "dev": true,
      "engines": {
        "node": ">=6.0"
      }
    },
    "node_modules/astring": {
      "version": "1.8.6",
      "resolved": "https://registry.npmjs.org/astring/-/astring-1.8.6.tgz",
      "integrity": "sha512-ISvCdHdlTDlH5IpxQJIex7BWBywFWgjJSVdwst+/iQCoEYnyOaQ95+X1JGshuBjGp6nxKUy1jMgE3zPqN7fQdg==",
      "dev": true,
      "bin": {
        "astring": "bin/astring"
      }
    },
    "node_modules/bytes": {
      "version": "3.1.2",
      "resolved": "https://registry.npmjs.org/bytes/-/bytes-3.1.2.tgz",
      "integrity": "sha512-/Nf7TyzTx6S3yRJObOAV7956r8cr2+Oj8AC5dt8wSP3BQAoeX58NoHyCU8P8zGkNXStjTSi6fzO6F0pBdcYbEg==",
      "dev": true,
      "engines": {
        "node": ">= 0.8"
      }
    },
    "node_modules/case-anything": {
      "version": "2.1.13",
      "resolved": "https://registry.npmjs.org/case-anything/-/case-anything-2.1.13.tgz",
      "integrity": "sha512-zlOQ80VrQ2Ue+ymH5OuM/DlDq64mEm+B9UTdHULv5osUMD6HalNTblf2b1u/m6QecjsnOkBpqVZ+XPwIVsy7Ng==",
      "dev": true,
      "engines": {
        "node": ">=12.13"
      },
      "funding": {
        "url": "https://github.com/sponsors/mesqueeb"
      }
    },
    "node_modules/classnames": {
      "version": "2.5.1",
      "resolved": "https://registry.npmjs.org/classnames/-/classnames-2.5.1.tgz",
      "integrity": "sha512-saHYOzhIQs6wy2sVxTM6bUDsQO4F50V9RQ22qBpEdCW+I+/Wmke2HOl6lS6dTpdxVhb88/I6+Hs+438c3lfUow==",
      "dev": true
    },
    "node_modules/commander": {
      "version": "12.1.0",
      "resolved": "https://registry.npmjs.org/commander/-/commander-12.1.0.tgz",
      "integrity": "sha512-Vw8qHK3bZM9y/P10u3Vib8o/DdkvA2OtPtZvD871QKjy74Wj1WSKFILMPRPSdUSx5RFK1arlJzEtA4PkFgnbuA==",
      "dev": true,
      "engines": {
        "node": ">=18"
      }
    },
    "node_modules/edge-error": {
      "version": "4.0.1",
      "resolved": "https://registry.npmjs.org/edge-error/-/edge-error-4.0.1.tgz",
      "integrity": "sha512-z5mNO97k8hRVpJ6Ew1qbkMTfQ44CwuWnl+ShMCrEFgD+b324CnjBS6HbiR+Wh6Wcmw9C+/XsFBHzZ+376PpD/w==",
      "dev": true,
      "engines": {
        "node": ">=18.16.0"
      }
    },
    "node_modules/edge-lexer": {
      "version": "6.0.1",
      "resolved": "https://registry.npmjs.org/edge-lexer/-/edge-lexer-6.0.1.tgz",
      "integrity": "sha512-iYPlo+EyERGL4cICzqXIYVxMB6sSOXazpAqkqN4YcLtwR7K1i1KcwNkSy36T40BYvP7UjjjjAVnz+fk3NEWH9Q==",
      "dev": true,
      "dependencies": {
        "edge-error": "^4.0.1"
      },
      "engines": {
        "node": ">=18.16.0"
      }
    },
    "node_modules/edge-parser": {
      "version": "9.0.2",
      "resolved": "https://registry.npmjs.org/edge-parser/-/edge-parser-9.0.2.tgz",
      "integrity": "sha512-4lFpBf/tCM7q5v+00+sudIIA956neWR7iJLbtQ3cEwl6GMg+s9ZgqiLur3z04SI5MSTGLqa2xsR6SgU/rR5g5Q==",
      "dev": true,
      "dependencies": {
        "acorn": "^8.11.3",
        "astring": "^1.8.6",
        "edge-error": "^4.0.1",
        "edge-lexer": "^6.0.1",
        "js-stringify": "^1.0.2"
      },
      "engines": {
        "node": ">=18.16.0"
      }
    },
    "node_modules/edge.js": {
      "version": "6.0.2",
      "resolved": "https://registry.npmjs.org/edge.js/-/edge.js-6.0.2.tgz",
      "integrity": "sha512-qH226BetmQq2LZYEPnoZzZBQqnTWVy/hdsM9GYReYci0FaqAwnabhqMdDfJyzYJJrbb9p67UtgZFBtt0A0k/KA==",
      "dev": true,
      "dependencies": {
        "@poppinss/inspect": "^1.0.1",
        "@poppinss/macroable": "^1.0.1",
        "@poppinss/utils": "^6.7.2",
        "classnames": "^2.5.1",
        "edge-error": "^4.0.1",
        "edge-lexer": "^6.0.1",
        "edge-parser": "^9.0.2",
        "fs-readdir-recursive": "^1.1.0",
        "he": "^1.2.0",
        "js-stringify": "^1.0.2",
        "property-information": "^6.4.1",
        "stringify-attributes": "^4.0.0"
      },
      "engines": {
        "node": ">=18.16.0"
      }
    },
    "node_modules/escape-goat": {
      "version": "4.0.0",
      "resolved": "https://registry.npmjs.org/escape-goat/-/escape-goat-4.0.0.tgz",
      "integrity": "sha512-2Sd4ShcWxbx6OY1IHyla/CVNwvg7XwZVoXZHcSu9w9SReNP1EzzD5T8NWKIR38fIqEns9kDWKUQTXXAmlDrdPg==",
      "dev": true,
      "engines": {
        "node": ">=12"
      },
      "funding": {
        "url": "https://github.com/sponsors/sindresorhus"
      }
    },
    "node_modules/flattie": {
      "version": "1.1.1",
      "resolved": "https://registry.npmjs.org/flattie/-/flattie-1.1.1.tgz",
      "integrity": "sha512-9UbaD6XdAL97+k/n+N7JwX46K/M6Zc6KcFYskrYL8wbBV/Uyk0CTAMY0VT+qiK5PM7AIc9aTWYtq65U7T+aCNQ==",
      "dev": true,
      "engines": {
        "node": ">=8"
      }
    },
    "node_modules/fs-readdir-recursive": {
      "version": "1.1.0",
      "resolved": "https://registry.npmjs.org/fs-readdir-recursive/-/fs-readdir-recursive-1.1.0.tgz",
      "integrity": "sha512-GNanXlVr2pf02+sPN40XN8HG+ePaNcvM0q5mZBd668Obwb0yD5GiUbZOFgwn8kGMY6I3mdyDJzieUy3PTYyTRA==",
      "dev": true
    },
    "node_modules/he": {
      "version": "1.2.0",
      "resolved": "https://registry.npmjs.org/he/-/he-1.2.0.tgz",
      "integrity": "sha512-F/1DnUGPopORZi0ni+CvrCgHQ5FyEAHRLSApuYWMmrbSwoN2Mn/7k+Gl38gJnR7yyDZk6WLXwiGod1JOWNDKGw==",
      "dev": true,
      "bin": {
        "he": "bin/he"
      }
    },
    "node_modules/js-stringify": {
      "version": "1.0.2",
      "resolved": "https://registry.npmjs.org/js-stringify/-/js-stringify-1.0.2.tgz",
      "integrity": "sha512-rtS5ATOo2Q5k1G+DADISilDA6lv79zIiwFd6CcjuIxGKLFm5C+RLImRscVap9k55i+MOZwgliw+NejvkLuGD5g==",
      "dev": true
    },
    "node_modules/pluralize": {
      "version": "8.0.0",
      "resolved": "https://registry.npmjs.org/pluralize/-/pluralize-8.0.0.tgz",
      "integrity": "sha512-Nc3IT5yHzflTfbjgqWcCPpo7DaKy4FnpB0l/zCAW0Tc7jxAiuqSxHasntB3D7887LSrA93kDJ9IXovxJYxyLCA==",
      "dev": true,
      "engines": {
        "node": ">=4"
      }
    },
    "node_modules/property-information": {
      "version": "6.5.0",
      "resolved": "https://registry.npmjs.org/property-information/-/property-information-6.5.0.tgz",
      "integrity": "sha512-PgTgs/BlvHxOu8QuEN7wi5A0OmXaBcHpmCSTehcs6Uuu9IkDIEo13Hy7n898RHfrQ49vKCoGeWZSaAK01nwVig==",
      "dev": true,
      "funding": {
        "type": "github",
        "url": "https://github.com/sponsors/wooorm"
      }
    },
    "node_modules/safe-stable-stringify": {
      "version": "2.4.3",
      "resolved": "https://registry.npmjs.org/safe-stable-stringify/-/safe-stable-stringify-2.4.3.tgz",
      "integrity": "sha512-e2bDA2WJT0wxseVd4lsDP4+3ONX6HpMXQa1ZhFQ7SU+GjvORCmShbCMltrtIDfkYhVHrOcPtj+KhmDBdPdZD1g==",
      "dev": true,
      "engines": {
        "node": ">=10"
      }
    },
    "node_modules/secure-json-parse": {
      "version": "2.7.0",
      "resolved": "https://registry.npmjs.org/secure-json-parse/-/secure-json-parse-2.7.0.tgz",
      "integrity": "sha512-6aU+Rwsezw7VR8/nyvKTx8QpWH9FrcYiXXlqC4z5d5XQBDRqtbfsRjnwGyqbi3gddNtWHuEk9OANUotL26qKUw==",
      "dev": true
    },
    "node_modules/slash": {
      "version": "5.1.0",
      "resolved": "https://registry.npmjs.org/slash/-/slash-5.1.0.tgz",
      "integrity": "sha512-ZA6oR3T/pEyuqwMgAKT0/hAv8oAXckzbkmR0UkUosQ+Mc4RxGoJkRmwHgHufaenlyAgE1Mxgpdcrf75y6XcnDg==",
      "dev": true,
      "engines": {
        "node": ">=14.16"
      },
      "funding": {
        "url": "https://github.com/sponsors/sindresorhus"
      }
    },
    "node_modules/slugify": {
      "version": "1.6.6",
      "resolved": "https://registry.npmjs.org/slugify/-/slugify-1.6.6.tgz",
      "integrity": "sha512-h+z7HKHYXj6wJU+AnS/+IH8Uh9fdcX1Lrhg1/VMdf9PwoBQXFcXiAdsy2tSK0P6gKwJLXp02r90ahUCqHk9rrw==",
      "dev": true,
      "engines": {
        "node": ">=8.0.0"
      }
    },
    "node_modules/stringify-attributes": {
      "version": "4.0.0",
      "resolved": "https://registry.npmjs.org/stringify-attributes/-/stringify-attributes-4.0.0.tgz",
      "integrity": "sha512-6Hq3K153wTTfhEHb4V/viuqmb0DRn08JCrRnmqc4Q/tmoNuvd4DEyqkiiJXtvVz8ZSUhlCQr7zCpCVTgrelesg==",
      "dev": true,
      "dependencies": {
        "escape-goat": "^4.0.0"
      },
      "engines": {
        "node": ">=14.16"
      },
      "funding": {
        "url": "https://github.com/sponsors/sindresorhus"
      }
    },
    "node_modules/truncatise": {
      "version": "0.0.8",
      "resolved": "https://registry.npmjs.org/truncatise/-/truncatise-0.0.8.tgz",
      "integrity": "sha512-cXzueh9pzBCsLzhToB4X4gZCb3KYkrsAcBAX97JnazE74HOl3cpBJYEV7nabHeG/6/WXCU5Yujlde/WPBUwnsg==",
      "dev": true
    }
  },
  "dependencies": {
    "@luc-cpl/wp-setup": {
      "version": "1.1.4",
      "resolved": "https://registry.npmjs.org/@luc-cpl/wp-setup/-/wp-setup-1.1.4.tgz",
      "integrity": "sha512-GejcFMS/JBleaZf86/3ObVRtLw8+Cd5wzHZ3Cl5Ifxku7LIYdKANhqDMAuBo+sqNtb40h1Cp8iWoCJtFl7NiYA==",
      "dev": true,
      "requires": {
        "adm-zip": "^0.5.12",
        "commander": "^12.0.0",
        "edge.js": "^6.0.2"
      }
    },
    "@lukeed/ms": {
      "version": "2.0.2",
      "resolved": "https://registry.npmjs.org/@lukeed/ms/-/ms-2.0.2.tgz",
      "integrity": "sha512-9I2Zn6+NJLfaGoz9jN3lpwDgAYvfGeNYdbAIjJOqzs4Tpc+VU3Jqq4IofSUBKajiDS8k9fZIg18/z13mpk1bsA==",
      "dev": true
    },
    "@poppinss/inspect": {
      "version": "1.0.1",
      "resolved": "https://registry.npmjs.org/@poppinss/inspect/-/inspect-1.0.1.tgz",
      "integrity": "sha512-kLeEaBSGhlleyYvKc7c9s3uE6xv7cwyulE0EgHf4jU/CL96h0yC4mkdw1wvC1l1PYYQozCGy46FwMBAAMOobCA==",
      "dev": true
    },
    "@poppinss/macroable": {
      "version": "1.0.2",
      "resolved": "https://registry.npmjs.org/@poppinss/macroable/-/macroable-1.0.2.tgz",
      "integrity": "sha512-xhhEcEvhQC8mP5oOr5hbE4CmUgmw/IPV1jhpGg2xSkzoFrt9i8YVqBQt9744EFesi5F7pBheWozg63RUBM/5JA==",
      "dev": true
    },
    "@poppinss/utils": {
      "version": "6.7.3",
      "resolved": "https://registry.npmjs.org/@poppinss/utils/-/utils-6.7.3.tgz",
      "integrity": "sha512-zQnhVG4Q+n6+V1vrL/TF1Oy8ZcVVGUs49Sj5OBgoari/q42UiG/rht1DRvoeWd9bT1BBDwxO2vcfxj6C0u/Dgg==",
      "dev": true,
      "requires": {
        "@lukeed/ms": "^2.0.2",
        "@types/bytes": "^3.1.4",
        "@types/pluralize": "^0.0.33",
        "bytes": "^3.1.2",
        "case-anything": "^2.1.13",
        "flattie": "^1.1.1",
        "pluralize": "^8.0.0",
        "safe-stable-stringify": "^2.4.3",
        "secure-json-parse": "^2.7.0",
        "slash": "^5.1.0",
        "slugify": "^1.6.6",
        "truncatise": "^0.0.8"
      }
    },
    "@types/bytes": {
      "version": "3.1.4",
      "resolved": "https://registry.npmjs.org/@types/bytes/-/bytes-3.1.4.tgz",
      "integrity": "sha512-A0uYgOj3zNc4hNjHc5lYUfJQ/HVyBXiUMKdXd7ysclaE6k9oJdavQzODHuwjpUu2/boCP8afjQYi8z/GtvNCWA==",
      "dev": true
    },
    "@types/pluralize": {
      "version": "0.0.33",
      "resolved": "https://registry.npmjs.org/@types/pluralize/-/pluralize-0.0.33.tgz",
      "integrity": "sha512-JOqsl+ZoCpP4e8TDke9W79FDcSgPAR0l6pixx2JHkhnRjvShyYiAYw2LVsnA7K08Y6DeOnaU6ujmENO4os/cYg==",
      "dev": true
    },
    "acorn": {
      "version": "8.11.3",
      "resolved": "https://registry.npmjs.org/acorn/-/acorn-8.11.3.tgz",
      "integrity": "sha512-Y9rRfJG5jcKOE0CLisYbojUjIrIEE7AGMzA/Sm4BslANhbS+cDMpgBdcPT91oJ7OuJ9hYJBx59RjbhxVnrF8Xg==",
      "dev": true
    },
    "adm-zip": {
      "version": "0.5.12",
      "resolved": "https://registry.npmjs.org/adm-zip/-/adm-zip-0.5.12.tgz",
      "integrity": "sha512-6TVU49mK6KZb4qG6xWaaM4C7sA/sgUMLy/JYMOzkcp3BvVLpW0fXDFQiIzAuxFCt/2+xD7fNIiPFAoLZPhVNLQ==",
      "dev": true
    },
    "astring": {
      "version": "1.8.6",
      "resolved": "https://registry.npmjs.org/astring/-/astring-1.8.6.tgz",
      "integrity": "sha512-ISvCdHdlTDlH5IpxQJIex7BWBywFWgjJSVdwst+/iQCoEYnyOaQ95+X1JGshuBjGp6nxKUy1jMgE3zPqN7fQdg==",
      "dev": true
    },
    "bytes": {
      "version": "3.1.2",
      "resolved": "https://registry.npmjs.org/bytes/-/bytes-3.1.2.tgz",
      "integrity": "sha512-/Nf7TyzTx6S3yRJObOAV7956r8cr2+Oj8AC5dt8wSP3BQAoeX58NoHyCU8P8zGkNXStjTSi6fzO6F0pBdcYbEg==",
      "dev": true
    },
    "case-anything": {
      "version": "2.1.13",
      "resolved": "https://registry.npmjs.org/case-anything/-/case-anything-2.1.13.tgz",
      "integrity": "sha512-zlOQ80VrQ2Ue+ymH5OuM/DlDq64mEm+B9UTdHULv5osUMD6HalNTblf2b1u/m6QecjsnOkBpqVZ+XPwIVsy7Ng==",
      "dev": true
    },
    "classnames": {
      "version": "2.5.1",
      "resolved": "https://registry.npmjs.org/classnames/-/classnames-2.5.1.tgz",
      "integrity": "sha512-saHYOzhIQs6wy2sVxTM6bUDsQO4F50V9RQ22qBpEdCW+I+/Wmke2HOl6lS6dTpdxVhb88/I6+Hs+438c3lfUow==",
      "dev": true
    },
    "commander": {
      "version": "12.1.0",
      "resolved": "https://registry.npmjs.org/commander/-/commander-12.1.0.tgz",
      "integrity": "sha512-Vw8qHK3bZM9y/P10u3Vib8o/DdkvA2OtPtZvD871QKjy74Wj1WSKFILMPRPSdUSx5RFK1arlJzEtA4PkFgnbuA==",
      "dev": true
    },
    "edge-error": {
      "version": "4.0.1",
      "resolved": "https://registry.npmjs.org/edge-error/-/edge-error-4.0.1.tgz",
      "integrity": "sha512-z5mNO97k8hRVpJ6Ew1qbkMTfQ44CwuWnl+ShMCrEFgD+b324CnjBS6HbiR+Wh6Wcmw9C+/XsFBHzZ+376PpD/w==",
      "dev": true
    },
    "edge-lexer": {
      "version": "6.0.1",
      "resolved": "https://registry.npmjs.org/edge-lexer/-/edge-lexer-6.0.1.tgz",
      "integrity": "sha512-iYPlo+EyERGL4cICzqXIYVxMB6sSOXazpAqkqN4YcLtwR7K1i1KcwNkSy36T40BYvP7UjjjjAVnz+fk3NEWH9Q==",
      "dev": true,
      "requires": {
        "edge-error": "^4.0.1"
      }
    },
    "edge-parser": {
      "version": "9.0.2",
      "resolved": "https://registry.npmjs.org/edge-parser/-/edge-parser-9.0.2.tgz",
      "integrity": "sha512-4lFpBf/tCM7q5v+00+sudIIA956neWR7iJLbtQ3cEwl6GMg+s9ZgqiLur3z04SI5MSTGLqa2xsR6SgU/rR5g5Q==",
      "dev": true,
      "requires": {
        "acorn": "^8.11.3",
        "astring": "^1.8.6",
        "edge-error": "^4.0.1",
        "edge-lexer": "^6.0.1",
        "js-stringify": "^1.0.2"
      }
    },
    "edge.js": {
      "version": "6.0.2",
      "resolved": "https://registry.npmjs.org/edge.js/-/edge.js-6.0.2.tgz",
      "integrity": "sha512-qH226BetmQq2LZYEPnoZzZBQqnTWVy/hdsM9GYReYci0FaqAwnabhqMdDfJyzYJJrbb9p67UtgZFBtt0A0k/KA==",
      "dev": true,
      "requires": {
        "@poppinss/inspect": "^1.0.1",
        "@poppinss/macroable": "^1.0.1",
        "@poppinss/utils": "^6.7.2",
        "classnames": "^2.5.1",
        "edge-error": "^4.0.1",
        "edge-lexer": "^6.0.1",
        "edge-parser": "^9.0.2",
        "fs-readdir-recursive": "^1.1.0",
        "he": "^1.2.0",
        "js-stringify": "^1.0.2",
        "property-information": "^6.4.1",
        "stringify-attributes": "^4.0.0"
      }
    },
    "escape-goat": {
      "version": "4.0.0",
      "resolved": "https://registry.npmjs.org/escape-goat/-/escape-goat-4.0.0.tgz",
      "integrity": "sha512-2Sd4ShcWxbx6OY1IHyla/CVNwvg7XwZVoXZHcSu9w9SReNP1EzzD5T8NWKIR38fIqEns9kDWKUQTXXAmlDrdPg==",
      "dev": true
    },
    "flattie": {
      "version": "1.1.1",
      "resolved": "https://registry.npmjs.org/flattie/-/flattie-1.1.1.tgz",
      "integrity": "sha512-9UbaD6XdAL97+k/n+N7JwX46K/M6Zc6KcFYskrYL8wbBV/Uyk0CTAMY0VT+qiK5PM7AIc9aTWYtq65U7T+aCNQ==",
      "dev": true
    },
    "fs-readdir-recursive": {
      "version": "1.1.0",
      "resolved": "https://registry.npmjs.org/fs-readdir-recursive/-/fs-readdir-recursive-1.1.0.tgz",
      "integrity": "sha512-GNanXlVr2pf02+sPN40XN8HG+ePaNcvM0q5mZBd668Obwb0yD5GiUbZOFgwn8kGMY6I3mdyDJzieUy3PTYyTRA==",
      "dev": true
    },
    "he": {
      "version": "1.2.0",
      "resolved": "https://registry.npmjs.org/he/-/he-1.2.0.tgz",
      "integrity": "sha512-F/1DnUGPopORZi0ni+CvrCgHQ5FyEAHRLSApuYWMmrbSwoN2Mn/7k+Gl38gJnR7yyDZk6WLXwiGod1JOWNDKGw==",
      "dev": true
    },
    "js-stringify": {
      "version": "1.0.2",
      "resolved": "https://registry.npmjs.org/js-stringify/-/js-stringify-1.0.2.tgz",
      "integrity": "sha512-rtS5ATOo2Q5k1G+DADISilDA6lv79zIiwFd6CcjuIxGKLFm5C+RLImRscVap9k55i+MOZwgliw+NejvkLuGD5g==",
      "dev": true
    },
    "pluralize": {
      "version": "8.0.0",
      "resolved": "https://registry.npmjs.org/pluralize/-/pluralize-8.0.0.tgz",
      "integrity": "sha512-Nc3IT5yHzflTfbjgqWcCPpo7DaKy4FnpB0l/zCAW0Tc7jxAiuqSxHasntB3D7887LSrA93kDJ9IXovxJYxyLCA==",
      "dev": true
    },
    "property-information": {
      "version": "6.5.0",
      "resolved": "https://registry.npmjs.org/property-information/-/property-information-6.5.0.tgz",
      "integrity": "sha512-PgTgs/BlvHxOu8QuEN7wi5A0OmXaBcHpmCSTehcs6Uuu9IkDIEo13Hy7n898RHfrQ49vKCoGeWZSaAK01nwVig==",
      "dev": true
    },
    "safe-stable-stringify": {
      "version": "2.4.3",
      "resolved": "https://registry.npmjs.org/safe-stable-stringify/-/safe-stable-stringify-2.4.3.tgz",
      "integrity": "sha512-e2bDA2WJT0wxseVd4lsDP4+3ONX6HpMXQa1ZhFQ7SU+GjvORCmShbCMltrtIDfkYhVHrOcPtj+KhmDBdPdZD1g==",
      "dev": true
    },
    "secure-json-parse": {
      "version": "2.7.0",
      "resolved": "https://registry.npmjs.org/secure-json-parse/-/secure-json-parse-2.7.0.tgz",
      "integrity": "sha512-6aU+Rwsezw7VR8/nyvKTx8QpWH9FrcYiXXlqC4z5d5XQBDRqtbfsRjnwGyqbi3gddNtWHuEk9OANUotL26qKUw==",
      "dev": true
    },
    "slash": {
      "version": "5.1.0",
      "resolved": "https://registry.npmjs.org/slash/-/slash-5.1.0.tgz",
      "integrity": "sha512-ZA6oR3T/pEyuqwMgAKT0/hAv8oAXckzbkmR0UkUosQ+Mc4RxGoJkRmwHgHufaenlyAgE1Mxgpdcrf75y6XcnDg==",
      "dev": true
    },
    "slugify": {
      "version": "1.6.6",
      "resolved": "https://registry.npmjs.org/slugify/-/slugify-1.6.6.tgz",
      "integrity": "sha512-h+z7HKHYXj6wJU+AnS/+IH8Uh9fdcX1Lrhg1/VMdf9PwoBQXFcXiAdsy2tSK0P6gKwJLXp02r90ahUCqHk9rrw==",
      "dev": true
    },
    "stringify-attributes": {
      "version": "4.0.0",
      "resolved": "https://registry.npmjs.org/stringify-attributes/-/stringify-attributes-4.0.0.tgz",
      "integrity": "sha512-6Hq3K153wTTfhEHb4V/viuqmb0DRn08JCrRnmqc4Q/tmoNuvd4DEyqkiiJXtvVz8ZSUhlCQr7zCpCVTgrelesg==",
      "dev": true,
      "requires": {
        "escape-goat": "^4.0.0"
      }
    },
    "truncatise": {
      "version": "0.0.8",
      "resolved": "https://registry.npmjs.org/truncatise/-/truncatise-0.0.8.tgz",
      "integrity": "sha512-cXzueh9pzBCsLzhToB4X4gZCb3KYkrsAcBAX97JnazE74HOl3cpBJYEV7nabHeG/6/WXCU5Yujlde/WPBUwnsg==",
      "dev": true
    }
  }
}
